
Microsoft Visual Studio Solution File, Format Version 12.00
# Visual Studio 15
VisualStudioVersion = 15.0.26730.8
MinimumVisualStudioVersion = 10.0.40219.1
Project("{FAE04EC0-301F-11D3-BF4B-00C04F79EFBC}") = "FriendData", "FriendData\FriendData.csproj", "{5E3A88E8-E1C4-4401-8E68-B210C5C3E0D9}"
EndProject
Project("{FAE04EC0-301F-11D3-BF4B-00C04F79EFBC}") = "FriendDataMsSQL", "FriendData.MsSql\FriendDataMsSQL.csproj", "{49ACA590-8BC9-4BF3-A4C9-EC19758CD914}"
EndProject
Project("{FAE04EC0-301F-11D3-BF4B-00C04F79EFBC}") = "FriendDataMySQL", "FriendData.MySql\FriendDataMySQL.csproj", "{7B69C1B1-156E-4BD6-B79A-6691BF1CC644}"
EndProject
Project("{FAE04EC0-301F-11D3-BF4B-00C04F79EFBC}") = "FriendDataOracle", "FriendData.Oracle\FriendDataOracle.csproj", "{90A263C7-D103-4CDA-B12F-83AF650C2467}"
EndProject
Project("{FAE04EC0-301F-11D3-BF4B-00C04F79EFBC}") = "FriendWizard", "FriendWizard\FriendWizard.csproj", "{39B74843-C698-4A54-A62C-FE4109655534}"
EndProject
Project("{FAE04EC0-301F-11D3-BF4B-00C04F79EFBC}") = "FriendPackage", "FriendPackage\FriendPackage.csproj", "{AF36600A-CE82-4CE2-9584-A43B227CA7C2}"
EndProject
Project("{FAE04EC0-301F-11D3-BF4B-00C04F79EFBC}") = "FriendControlsIcons", "FriendControlsIcons\FriendControlsIcons.csproj", "{64C5418D-EE1E-46B0-991C-7EBC5908A5E1}"
EndProject
Project("{FAE04EC0-301F-11D3-BF4B-00C04F79EFBC}") = "FriendControls", "FriendControls\FriendControls.csproj", "{696E20D7-D5BA-4491-94BA-80CBC113BDE5}"
EndProject
Global
	GlobalSection(SolutionConfigurationPlatforms) = preSolution
		Debug|Any CPU = Debug|Any CPU
		Release|Any CPU = Release|Any CPU
	EndGlobalSection
	GlobalSection(ProjectConfigurationPlatforms) = postSolution
		{5E3A88E8-E1C4-4401-8E68-B210C5C3E0D9}.Debug|Any CPU.ActiveCfg = Debug|Any CPU
		{5E3A88E8-E1C4-4401-8E68-B210C5C3E0D9}.Debug|Any CPU.Build.0 = Debug|Any CPU
		{5E3A88E8-E1C4-4401-8E68-B210C5C3E0D9}.Release|Any CPU.ActiveCfg = Release|Any CPU
		{5E3A88E8-E1C4-4401-8E68-B210C5C3E0D9}.Release|Any CPU.Build.0 = Release|Any CPU
		{49ACA590-8BC9-4BF3-A4C9-EC19758CD914}.Debug|Any CPU.ActiveCfg = Debug|Any CPU
		{49ACA590-8BC9-4BF3-A4C9-EC19758CD914}.Debug|Any CPU.Build.0 = Debug|Any CPU
		{49ACA590-8BC9-4BF3-A4C9-EC19758CD914}.Release|Any CPU.ActiveCfg = Release|Any CPU
		{49ACA590-8BC9-4BF3-A4C9-EC19758CD914}.Release|Any CPU.Build.0 = Release|Any CPU
		{7B69C1B1-156E-4BD6-B79A-6691BF1CC644}.Debug|Any CPU.ActiveCfg = Debug|Any CPU
		{7B69C1B1-156E-4BD6-B79A-6691BF1CC644}.Debug|Any CPU.Build.0 = Debug|Any CPU
		{7B69C1B1-156E-4BD6-B79A-6691BF1CC644}.Release|Any CPU.ActiveCfg = Release|Any CPU
		{7B69C1B1-156E-4BD6-B79A-6691BF1CC644}.Release|Any CPU.Build.0 = Release|Any CPU
		{90A263C7-D103-4CDA-B12F-83AF650C2467}.Debug|Any CPU.ActiveCfg = Debug|Any CPU
		{90A263C7-D103-4CDA-B12F-83AF650C2467}.Debug|Any CPU.Build.0 = Debug|Any CPU
		{90A263C7-D103-4CDA-B12F-83AF650C2467}.Release|Any CPU.ActiveCfg = Release|Any CPU
		{90A263C7-D103-4CDA-B12F-83AF650C2467}.Release|Any CPU.Build.0 = Release|Any CPU
		{39B74843-C698-4A54-A62C-FE4109655534}.Debug|Any CPU.ActiveCfg = Debug|Any CPU
		{39B74843-C698-4A54-A62C-FE4109655534}.Debug|Any CPU.Build.0 = Debug|Any CPU
		{39B74843-C698-4A54-A62C-FE4109655534}.Release|Any CPU.ActiveCfg = Release|Any CPU
		{39B74843-C698-4A54-A62C-FE4109655534}.Release|Any CPU.Build.0 = Release|Any CPU
		{AF36600A-CE82-4CE2-9584-A43B227CA7C2}.Debug|Any CPU.ActiveCfg = Debug|Any CPU
		{AF36600A-CE82-4CE2-9584-A43B227CA7C2}.Debug|Any CPU.Build.0 = Debug|Any CPU
		{AF36600A-CE82-4CE2-9584-A43B227CA7C2}.Release|Any CPU.ActiveCfg = Release|Any CPU
		{AF36600A-CE82-4CE2-9584-A43B227CA7C2}.Release|Any CPU.Build.0 = Release|Any CPU
		{64C5418D-EE1E-46B0-991C-7EBC5908A5E1}.Debug|Any CPU.ActiveCfg = Debug|Any CPU
		{64C5418D-EE1E-46B0-991C-7EBC5908A5E1}.Debug|Any CPU.Build.0 = Debug|Any CPU
		{64C5418D-EE1E-46B0-991C-7EBC5908A5E1}.Release|Any CPU.ActiveCfg = Release|Any CPU
		{64C5418D-EE1E-46B0-991C-7EBC5908A5E1}.Release|Any CPU.Build.0 = Release|Any CPU
		{696E20D7-D5BA-4491-94BA-80CBC113BDE5}.Debug|Any CPU.ActiveCfg = Debug|Any CPU
		{696E20D7-D5BA-4491-94BA-80CBC113BDE5}.Debug|Any CPU.Build.0 = Debug|Any CPU
		{696E20D7-D5BA-4491-94BA-80CBC113BDE5}.Release|Any CPU.ActiveCfg = Release|Any CPU
		{696E20D7-D5BA-4491-94BA-80CBC113BDE5}.Release|Any CPU.Build.0 = Release|Any CPU
	EndGlobalSection
	GlobalSection(SolutionProperties) = preSolution
		HideSolutionNode = FALSE
	EndGlobalSection
	GlobalSection(ExtensibilityGlobals) = postSolution
		SolutionGuid = {FE4D62D1-9F89-4F1D-A24F-808741D9B48F}
	EndGlobalSection
EndGlobal
